{
  "version": 4,
  "terraform_version": "1.0.2",
  "serial": 84,
  "lineage": "735f5f33-65fa-0665-3c92-8edccedaf9ed",
  "outputs": {},
  "resources": [
    {
      "mode": "managed",
      "type": "azurerm_linux_virtual_machine",
      "name": "Mastername",
      "provider": "provider[\"registry.terraform.io/hashicorp/azurerm\"]",
      "instances": [
        {
          "index_key": 0,
          "schema_version": 0,
          "attributes": {
            "additional_capabilities": [],
            "admin_password": null,
            "admin_ssh_key": [
              {
                "public_key": "ssh-rsa AAAAB3NzaC1yc2EAAAADAQABAAABgQC67Hl+Hdlc9zg4cIZUcGReh9PffAa6e3RyNZcfcpZHm10teJMjn/fyz2vBdcMAi57/gdfOW/QpgFnO0x5KjFa/ii7eWGjJAtEyaqptBl0Mkwj+8cqfiVGMXYOc+elEAN0r8du/aK28maQXdD7I8Tcqc3NHgGna2lYsanu3YYE3m19l/xlXyrX05zFP/ykC5rfZIT2Z+NpFogOTYnlTC9YUOZtC7nKc1JHwoqOn/3Sdz/Q4qM/rwABUeM/7QLmi+sXZ/KARjWTAjQzjqtvrVwuD6vrkd8P7bhwhUE4AtIGD4fBBWT0J5Y9wO1g4dhr1fORunjzcdkKZ9CMQchdrs9bMc7jj+R7aCMISGIKFpX/As9RABPks/bYZzIdd5qVcMuH30rbEg4dCLt1IR7jSzRewSDohur9rkllEA/93WDk2iZcSpR8PqJtHsRUOafWpusiMqjRmb05KSUg0c8d1bPiSw0RaWisvUnhokLTmX6IO5/ZVMACTMmZFsuGIcz3BIJs= root@localhost.localdomain\n",
                "username": "adminCP2"
              }
            ],
            "admin_username": "adminCP2",
            "allow_extension_operations": true,
            "availability_set_id": "",
            "boot_diagnostics": [
              {
                "storage_account_uri": "https://storageaccoutaarias.blob.core.windows.net/"
              }
            ],
            "computer_name": "ks8master.azure",
            "custom_data": null,
            "dedicated_host_id": "",
            "disable_password_authentication": true,
            "encryption_at_host_enabled": false,
            "eviction_policy": "",
            "extensions_time_budget": "PT1H30M",
            "id": "/subscriptions/927d0301-3031-467c-9b95-a3d0135304a7/resourceGroups/kubernetes_rg/providers/Microsoft.Compute/virtualMachines/ks8master.azure",
            "identity": [],
            "location": "westeurope",
            "max_bid_price": -1,
            "name": "ks8master.azure",
            "network_interface_ids": [
              "/subscriptions/927d0301-3031-467c-9b95-a3d0135304a7/resourceGroups/kubernetes_rg/providers/Microsoft.Network/networkInterfaces/vmnicks8master.azure"
            ],
            "os_disk": [
              {
                "caching": "ReadWrite",
                "diff_disk_settings": [],
                "disk_encryption_set_id": "",
                "disk_size_gb": 30,
                "name": "ks8master.azure_OsDisk_1_94922cc496174bfb872fe2ab3d0c6c96",
                "storage_account_type": "Standard_LRS",
                "write_accelerator_enabled": false
              }
            ],
            "plan": [
              {
                "name": "centos-8-stream-free",
                "product": "centos-8-stream-free",
                "publisher": "cognosys"
              }
            ],
            "priority": "Regular",
            "private_ip_address": "10.0.10.10",
            "private_ip_addresses": [
              "10.0.10.10"
            ],
            "provision_vm_agent": true,
            "proximity_placement_group_id": "",
            "public_ip_address": "13.81.33.124",
            "public_ip_addresses": [
              "13.81.33.124"
            ],
            "resource_group_name": "kubernetes_rg",
            "secret": [],
            "size": "Standard_B2s",
            "source_image_id": "",
            "source_image_reference": [
              {
                "offer": "centos-8-stream-free",
                "publisher": "cognosys",
                "sku": "centos-8-stream-free",
                "version": "1.2019.0810"
              }
            ],
            "tags": {
              "environment": "CP2"
            },
            "timeouts": null,
            "virtual_machine_id": "709b7856-f3b9-4ca0-9a9d-f320b112609c",
            "virtual_machine_scale_set_id": "",
            "zone": ""
          },
          "sensitive_attributes": [],
          "private": "eyJlMmJmYjczMC1lY2FhLTExZTYtOGY4OC0zNDM2M2JjN2M0YzAiOnsiY3JlYXRlIjoyNzAwMDAwMDAwMDAwLCJkZWxldGUiOjI3MDAwMDAwMDAwMDAsInJlYWQiOjMwMDAwMDAwMDAwMCwidXBkYXRlIjoyNzAwMDAwMDAwMDAwfX0=",
          "dependencies": [
            "azurerm_network_interface.myNic1",
            "azurerm_public_ip.myPublicIp1",
            "azurerm_resource_group.rg",
            "azurerm_storage_account.stAccount",
            "azurerm_subnet.mySubnet",
            "azurerm_virtual_network.myNet"
          ]
        }
      ]
    },
    {
      "mode": "managed",
      "type": "azurerm_linux_virtual_machine",
      "name": "workers",
      "provider": "provider[\"registry.terraform.io/hashicorp/azurerm\"]",
      "instances": [
        {
          "index_key": 0,
          "schema_version": 0,
          "attributes": {
            "additional_capabilities": [],
            "admin_password": null,
            "admin_ssh_key": [
              {
                "public_key": "ssh-rsa AAAAB3NzaC1yc2EAAAADAQABAAABgQC67Hl+Hdlc9zg4cIZUcGReh9PffAa6e3RyNZcfcpZHm10teJMjn/fyz2vBdcMAi57/gdfOW/QpgFnO0x5KjFa/ii7eWGjJAtEyaqptBl0Mkwj+8cqfiVGMXYOc+elEAN0r8du/aK28maQXdD7I8Tcqc3NHgGna2lYsanu3YYE3m19l/xlXyrX05zFP/ykC5rfZIT2Z+NpFogOTYnlTC9YUOZtC7nKc1JHwoqOn/3Sdz/Q4qM/rwABUeM/7QLmi+sXZ/KARjWTAjQzjqtvrVwuD6vrkd8P7bhwhUE4AtIGD4fBBWT0J5Y9wO1g4dhr1fORunjzcdkKZ9CMQchdrs9bMc7jj+R7aCMISGIKFpX/As9RABPks/bYZzIdd5qVcMuH30rbEg4dCLt1IR7jSzRewSDohur9rkllEA/93WDk2iZcSpR8PqJtHsRUOafWpusiMqjRmb05KSUg0c8d1bPiSw0RaWisvUnhokLTmX6IO5/ZVMACTMmZFsuGIcz3BIJs= root@localhost.localdomain\n",
                "username": "adminCP2"
              }
            ],
            "admin_username": "adminCP2",
            "allow_extension_operations": true,
            "availability_set_id": "",
            "boot_diagnostics": [
              {
                "storage_account_uri": "https://storageaccoutaarias.blob.core.windows.net/"
              }
            ],
            "computer_name": "k8sworker01.azure",
            "custom_data": null,
            "dedicated_host_id": "",
            "disable_password_authentication": true,
            "encryption_at_host_enabled": false,
            "eviction_policy": "",
            "extensions_time_budget": "PT1H30M",
            "id": "/subscriptions/927d0301-3031-467c-9b95-a3d0135304a7/resourceGroups/kubernetes_rg/providers/Microsoft.Compute/virtualMachines/k8sworker01.azure",
            "identity": [],
            "location": "westeurope",
            "max_bid_price": -1,
            "name": "k8sworker01.azure",
            "network_interface_ids": [
              "/subscriptions/927d0301-3031-467c-9b95-a3d0135304a7/resourceGroups/kubernetes_rg/providers/Microsoft.Network/networkInterfaces/vmnick8sworker01.azure"
            ],
            "os_disk": [
              {
                "caching": "ReadWrite",
                "diff_disk_settings": [],
                "disk_encryption_set_id": "",
                "disk_size_gb": 30,
                "name": "k8sworker01.azure_OsDisk_1_e3a9be11f29a425fbf499b75f6cc3cf7",
                "storage_account_type": "Standard_LRS",
                "write_accelerator_enabled": false
              }
            ],
            "plan": [
              {
                "name": "centos-8-stream-free",
                "product": "centos-8-stream-free",
                "publisher": "cognosys"
              }
            ],
            "priority": "Regular",
            "private_ip_address": "10.0.10.20",
            "private_ip_addresses": [
              "10.0.10.20"
            ],
            "provision_vm_agent": true,
            "proximity_placement_group_id": "",
            "public_ip_address": "13.73.177.174",
            "public_ip_addresses": [
              "13.73.177.174"
            ],
            "resource_group_name": "kubernetes_rg",
            "secret": [],
            "size": "Standard_DS1_v2",
            "source_image_id": "",
            "source_image_reference": [
              {
                "offer": "centos-8-stream-free",
                "publisher": "cognosys",
                "sku": "centos-8-stream-free",
                "version": "1.2019.0810"
              }
            ],
            "tags": {
              "environment": "CP2"
            },
            "timeouts": null,
            "virtual_machine_id": "aec007f6-4679-4410-bbc1-92b5c9564c3c",
            "virtual_machine_scale_set_id": "",
            "zone": ""
          },
          "sensitive_attributes": [],
          "private": "eyJlMmJmYjczMC1lY2FhLTExZTYtOGY4OC0zNDM2M2JjN2M0YzAiOnsiY3JlYXRlIjoyNzAwMDAwMDAwMDAwLCJkZWxldGUiOjI3MDAwMDAwMDAwMDAsInJlYWQiOjMwMDAwMDAwMDAwMCwidXBkYXRlIjoyNzAwMDAwMDAwMDAwfX0=",
          "dependencies": [
            "azurerm_network_interface.myNic2",
            "azurerm_public_ip.myPublicIp2",
            "azurerm_resource_group.rg",
            "azurerm_storage_account.stAccount",
            "azurerm_subnet.mySubnet",
            "azurerm_virtual_network.myNet"
          ]
        },
        {
          "index_key": 1,
          "schema_version": 0,
          "attributes": {
            "additional_capabilities": [],
            "admin_password": null,
            "admin_ssh_key": [
              {
                "public_key": "ssh-rsa AAAAB3NzaC1yc2EAAAADAQABAAABgQC67Hl+Hdlc9zg4cIZUcGReh9PffAa6e3RyNZcfcpZHm10teJMjn/fyz2vBdcMAi57/gdfOW/QpgFnO0x5KjFa/ii7eWGjJAtEyaqptBl0Mkwj+8cqfiVGMXYOc+elEAN0r8du/aK28maQXdD7I8Tcqc3NHgGna2lYsanu3YYE3m19l/xlXyrX05zFP/ykC5rfZIT2Z+NpFogOTYnlTC9YUOZtC7nKc1JHwoqOn/3Sdz/Q4qM/rwABUeM/7QLmi+sXZ/KARjWTAjQzjqtvrVwuD6vrkd8P7bhwhUE4AtIGD4fBBWT0J5Y9wO1g4dhr1fORunjzcdkKZ9CMQchdrs9bMc7jj+R7aCMISGIKFpX/As9RABPks/bYZzIdd5qVcMuH30rbEg4dCLt1IR7jSzRewSDohur9rkllEA/93WDk2iZcSpR8PqJtHsRUOafWpusiMqjRmb05KSUg0c8d1bPiSw0RaWisvUnhokLTmX6IO5/ZVMACTMmZFsuGIcz3BIJs= root@localhost.localdomain\n",
                "username": "adminCP2"
              }
            ],
            "admin_username": "adminCP2",
            "allow_extension_operations": true,
            "availability_set_id": "",
            "boot_diagnostics": [
              {
                "storage_account_uri": "https://storageaccoutaarias.blob.core.windows.net/"
              }
            ],
            "computer_name": "k8sworker02.azure",
            "custom_data": null,
            "dedicated_host_id": "",
            "disable_password_authentication": true,
            "encryption_at_host_enabled": false,
            "eviction_policy": "",
            "extensions_time_budget": "PT1H30M",
            "id": "/subscriptions/927d0301-3031-467c-9b95-a3d0135304a7/resourceGroups/kubernetes_rg/providers/Microsoft.Compute/virtualMachines/k8sworker02.azure",
            "identity": [],
            "location": "westeurope",
            "max_bid_price": -1,
            "name": "k8sworker02.azure",
            "network_interface_ids": [
              "/subscriptions/927d0301-3031-467c-9b95-a3d0135304a7/resourceGroups/kubernetes_rg/providers/Microsoft.Network/networkInterfaces/vmnick8sworker02.azure"
            ],
            "os_disk": [
              {
                "caching": "ReadWrite",
                "diff_disk_settings": [],
                "disk_encryption_set_id": "",
                "disk_size_gb": 30,
                "name": "k8sworker02.azure_OsDisk_1_3bb8d7e859954222a192b1f175491ed0",
                "storage_account_type": "Standard_LRS",
                "write_accelerator_enabled": false
              }
            ],
            "plan": [
              {
                "name": "centos-8-stream-free",
                "product": "centos-8-stream-free",
                "publisher": "cognosys"
              }
            ],
            "priority": "Regular",
            "private_ip_address": "10.0.10.21",
            "private_ip_addresses": [
              "10.0.10.21"
            ],
            "provision_vm_agent": true,
            "proximity_placement_group_id": "",
            "public_ip_address": "104.214.228.112",
            "public_ip_addresses": [
              "104.214.228.112"
            ],
            "resource_group_name": "kubernetes_rg",
            "secret": [],
            "size": "Standard_DS1_v2",
            "source_image_id": "",
            "source_image_reference": [
              {
                "offer": "centos-8-stream-free",
                "publisher": "cognosys",
                "sku": "centos-8-stream-free",
                "version": "1.2019.0810"
              }
            ],
            "tags": {
              "environment": "CP2"
            },
            "timeouts": null,
            "virtual_machine_id": "7a8b4aa4-33f1-42eb-b1c2-9a98badbaa70",
            "virtual_machine_scale_set_id": "",
            "zone": ""
          },
          "sensitive_attributes": [],
          "private": "eyJlMmJmYjczMC1lY2FhLTExZTYtOGY4OC0zNDM2M2JjN2M0YzAiOnsiY3JlYXRlIjoyNzAwMDAwMDAwMDAwLCJkZWxldGUiOjI3MDAwMDAwMDAwMDAsInJlYWQiOjMwMDAwMDAwMDAwMCwidXBkYXRlIjoyNzAwMDAwMDAwMDAwfX0=",
          "dependencies": [
            "azurerm_network_interface.myNic2",
            "azurerm_public_ip.myPublicIp2",
            "azurerm_resource_group.rg",
            "azurerm_storage_account.stAccount",
            "azurerm_subnet.mySubnet",
            "azurerm_virtual_network.myNet"
          ]
        },
        {
          "index_key": 2,
          "schema_version": 0,
          "attributes": {
            "additional_capabilities": [],
            "admin_password": null,
            "admin_ssh_key": [
              {
                "public_key": "ssh-rsa AAAAB3NzaC1yc2EAAAADAQABAAABgQC67Hl+Hdlc9zg4cIZUcGReh9PffAa6e3RyNZcfcpZHm10teJMjn/fyz2vBdcMAi57/gdfOW/QpgFnO0x5KjFa/ii7eWGjJAtEyaqptBl0Mkwj+8cqfiVGMXYOc+elEAN0r8du/aK28maQXdD7I8Tcqc3NHgGna2lYsanu3YYE3m19l/xlXyrX05zFP/ykC5rfZIT2Z+NpFogOTYnlTC9YUOZtC7nKc1JHwoqOn/3Sdz/Q4qM/rwABUeM/7QLmi+sXZ/KARjWTAjQzjqtvrVwuD6vrkd8P7bhwhUE4AtIGD4fBBWT0J5Y9wO1g4dhr1fORunjzcdkKZ9CMQchdrs9bMc7jj+R7aCMISGIKFpX/As9RABPks/bYZzIdd5qVcMuH30rbEg4dCLt1IR7jSzRewSDohur9rkllEA/93WDk2iZcSpR8PqJtHsRUOafWpusiMqjRmb05KSUg0c8d1bPiSw0RaWisvUnhokLTmX6IO5/ZVMACTMmZFsuGIcz3BIJs= root@localhost.localdomain\n",
                "username": "adminCP2"
              }
            ],
            "admin_username": "adminCP2",
            "allow_extension_operations": true,
            "availability_set_id": "",
            "boot_diagnostics": [
              {
                "storage_account_uri": "https://storageaccoutaarias.blob.core.windows.net/"
              }
            ],
            "computer_name": "nfsserver.azure",
            "custom_data": null,
            "dedicated_host_id": "",
            "disable_password_authentication": true,
            "encryption_at_host_enabled": false,
            "eviction_policy": "",
            "extensions_time_budget": "PT1H30M",
            "id": "/subscriptions/927d0301-3031-467c-9b95-a3d0135304a7/resourceGroups/kubernetes_rg/providers/Microsoft.Compute/virtualMachines/nfsserver.azure",
            "identity": [],
            "location": "westeurope",
            "max_bid_price": -1,
            "name": "nfsserver.azure",
            "network_interface_ids": [
              "/subscriptions/927d0301-3031-467c-9b95-a3d0135304a7/resourceGroups/kubernetes_rg/providers/Microsoft.Network/networkInterfaces/vmnicnfsserver.azure"
            ],
            "os_disk": [
              {
                "caching": "ReadWrite",
                "diff_disk_settings": [],
                "disk_encryption_set_id": "",
                "disk_size_gb": 30,
                "name": "nfsserver.azure_OsDisk_1_756a64ae70004d91b8621157f780fff9",
                "storage_account_type": "Standard_LRS",
                "write_accelerator_enabled": false
              }
            ],
            "plan": [
              {
                "name": "centos-8-stream-free",
                "product": "centos-8-stream-free",
                "publisher": "cognosys"
              }
            ],
            "priority": "Regular",
            "private_ip_address": "10.0.10.22",
            "private_ip_addresses": [
              "10.0.10.22"
            ],
            "provision_vm_agent": true,
            "proximity_placement_group_id": "",
            "public_ip_address": "13.80.29.154",
            "public_ip_addresses": [
              "13.80.29.154"
            ],
            "resource_group_name": "kubernetes_rg",
            "secret": [],
            "size": "Standard_DS1_v2",
            "source_image_id": "",
            "source_image_reference": [
              {
                "offer": "centos-8-stream-free",
                "publisher": "cognosys",
                "sku": "centos-8-stream-free",
                "version": "1.2019.0810"
              }
            ],
            "tags": {
              "environment": "CP2"
            },
            "timeouts": null,
            "virtual_machine_id": "2c2f61ef-9858-4a31-950f-126c341f1fa2",
            "virtual_machine_scale_set_id": "",
            "zone": ""
          },
          "sensitive_attributes": [],
          "private": "eyJlMmJmYjczMC1lY2FhLTExZTYtOGY4OC0zNDM2M2JjN2M0YzAiOnsiY3JlYXRlIjoyNzAwMDAwMDAwMDAwLCJkZWxldGUiOjI3MDAwMDAwMDAwMDAsInJlYWQiOjMwMDAwMDAwMDAwMCwidXBkYXRlIjoyNzAwMDAwMDAwMDAwfX0=",
          "dependencies": [
            "azurerm_network_interface.myNic2",
            "azurerm_public_ip.myPublicIp2",
            "azurerm_resource_group.rg",
            "azurerm_storage_account.stAccount",
            "azurerm_subnet.mySubnet",
            "azurerm_virtual_network.myNet"
          ]
        }
      ]
    },
    {
      "mode": "managed",
      "type": "azurerm_network_interface",
      "name": "myNic1",
      "provider": "provider[\"registry.terraform.io/hashicorp/azurerm\"]",
      "instances": [
        {
          "index_key": 0,
          "schema_version": 0,
          "attributes": {
            "applied_dns_servers": [],
            "dns_servers": [],
            "enable_accelerated_networking": false,
            "enable_ip_forwarding": false,
            "id": "/subscriptions/927d0301-3031-467c-9b95-a3d0135304a7/resourceGroups/kubernetes_rg/providers/Microsoft.Network/networkInterfaces/vmnicks8master.azure",
            "internal_dns_name_label": "",
            "internal_domain_name_suffix": "r4hb5lbig1nezd5yg0t5ttrvve.ax.internal.cloudapp.net",
            "ip_configuration": [
              {
                "name": "myipconfigurationks8master.azure",
                "primary": true,
                "private_ip_address": "10.0.10.10",
                "private_ip_address_allocation": "Static",
                "private_ip_address_version": "IPv4",
                "public_ip_address_id": "/subscriptions/927d0301-3031-467c-9b95-a3d0135304a7/resourceGroups/kubernetes_rg/providers/Microsoft.Network/publicIPAddresses/PublicIPks8master.azure",
                "subnet_id": "/subscriptions/927d0301-3031-467c-9b95-a3d0135304a7/resourceGroups/kubernetes_rg/providers/Microsoft.Network/virtualNetworks/kubernetesnet/subnets/terraformsubnet"
              }
            ],
            "location": "westeurope",
            "mac_address": "",
            "name": "vmnicks8master.azure",
            "private_ip_address": "10.0.10.10",
            "private_ip_addresses": [
              "10.0.10.10"
            ],
            "resource_group_name": "kubernetes_rg",
            "tags": {
              "environment": "CP2"
            },
            "timeouts": null,
            "virtual_machine_id": ""
          },
          "sensitive_attributes": [],
          "private": "eyJlMmJmYjczMC1lY2FhLTExZTYtOGY4OC0zNDM2M2JjN2M0YzAiOnsiY3JlYXRlIjoxODAwMDAwMDAwMDAwLCJkZWxldGUiOjE4MDAwMDAwMDAwMDAsInJlYWQiOjMwMDAwMDAwMDAwMCwidXBkYXRlIjoxODAwMDAwMDAwMDAwfX0=",
          "dependencies": [
            "azurerm_public_ip.myPublicIp1",
            "azurerm_resource_group.rg",
            "azurerm_subnet.mySubnet",
            "azurerm_virtual_network.myNet"
          ]
        }
      ]
    },
    {
      "mode": "managed",
      "type": "azurerm_network_interface",
      "name": "myNic2",
      "provider": "provider[\"registry.terraform.io/hashicorp/azurerm\"]",
      "instances": [
        {
          "index_key": 0,
          "schema_version": 0,
          "attributes": {
            "applied_dns_servers": [],
            "dns_servers": [],
            "enable_accelerated_networking": false,
            "enable_ip_forwarding": false,
            "id": "/subscriptions/927d0301-3031-467c-9b95-a3d0135304a7/resourceGroups/kubernetes_rg/providers/Microsoft.Network/networkInterfaces/vmnick8sworker01.azure",
            "internal_dns_name_label": "",
            "internal_domain_name_suffix": "r4hb5lbig1nezd5yg0t5ttrvve.ax.internal.cloudapp.net",
            "ip_configuration": [
              {
                "name": "myipconfigurationk8sworker01.azure",
                "primary": true,
                "private_ip_address": "10.0.10.20",
                "private_ip_address_allocation": "Static",
                "private_ip_address_version": "IPv4",
                "public_ip_address_id": "/subscriptions/927d0301-3031-467c-9b95-a3d0135304a7/resourceGroups/kubernetes_rg/providers/Microsoft.Network/publicIPAddresses/PublicIPk8sworker01.azure",
                "subnet_id": "/subscriptions/927d0301-3031-467c-9b95-a3d0135304a7/resourceGroups/kubernetes_rg/providers/Microsoft.Network/virtualNetworks/kubernetesnet/subnets/terraformsubnet"
              }
            ],
            "location": "westeurope",
            "mac_address": "",
            "name": "vmnick8sworker01.azure",
            "private_ip_address": "10.0.10.20",
            "private_ip_addresses": [
              "10.0.10.20"
            ],
            "resource_group_name": "kubernetes_rg",
            "tags": {
              "environment": "CP2"
            },
            "timeouts": null,
            "virtual_machine_id": ""
          },
          "sensitive_attributes": [],
          "private": "eyJlMmJmYjczMC1lY2FhLTExZTYtOGY4OC0zNDM2M2JjN2M0YzAiOnsiY3JlYXRlIjoxODAwMDAwMDAwMDAwLCJkZWxldGUiOjE4MDAwMDAwMDAwMDAsInJlYWQiOjMwMDAwMDAwMDAwMCwidXBkYXRlIjoxODAwMDAwMDAwMDAwfX0=",
          "dependencies": [
            "azurerm_public_ip.myPublicIp2",
            "azurerm_resource_group.rg",
            "azurerm_subnet.mySubnet",
            "azurerm_virtual_network.myNet"
          ]
        },
        {
          "index_key": 1,
          "schema_version": 0,
          "attributes": {
            "applied_dns_servers": [],
            "dns_servers": [],
            "enable_accelerated_networking": false,
            "enable_ip_forwarding": false,
            "id": "/subscriptions/927d0301-3031-467c-9b95-a3d0135304a7/resourceGroups/kubernetes_rg/providers/Microsoft.Network/networkInterfaces/vmnick8sworker02.azure",
            "internal_dns_name_label": "",
            "internal_domain_name_suffix": "r4hb5lbig1nezd5yg0t5ttrvve.ax.internal.cloudapp.net",
            "ip_configuration": [
              {
                "name": "myipconfigurationk8sworker02.azure",
                "primary": true,
                "private_ip_address": "10.0.10.21",
                "private_ip_address_allocation": "Static",
                "private_ip_address_version": "IPv4",
                "public_ip_address_id": "/subscriptions/927d0301-3031-467c-9b95-a3d0135304a7/resourceGroups/kubernetes_rg/providers/Microsoft.Network/publicIPAddresses/PublicIPk8sworker02.azure",
                "subnet_id": "/subscriptions/927d0301-3031-467c-9b95-a3d0135304a7/resourceGroups/kubernetes_rg/providers/Microsoft.Network/virtualNetworks/kubernetesnet/subnets/terraformsubnet"
              }
            ],
            "location": "westeurope",
            "mac_address": "",
            "name": "vmnick8sworker02.azure",
            "private_ip_address": "10.0.10.21",
            "private_ip_addresses": [
              "10.0.10.21"
            ],
            "resource_group_name": "kubernetes_rg",
            "tags": {
              "environment": "CP2"
            },
            "timeouts": null,
            "virtual_machine_id": ""
          },
          "sensitive_attributes": [],
          "private": "eyJlMmJmYjczMC1lY2FhLTExZTYtOGY4OC0zNDM2M2JjN2M0YzAiOnsiY3JlYXRlIjoxODAwMDAwMDAwMDAwLCJkZWxldGUiOjE4MDAwMDAwMDAwMDAsInJlYWQiOjMwMDAwMDAwMDAwMCwidXBkYXRlIjoxODAwMDAwMDAwMDAwfX0=",
          "dependencies": [
            "azurerm_public_ip.myPublicIp2",
            "azurerm_resource_group.rg",
            "azurerm_subnet.mySubnet",
            "azurerm_virtual_network.myNet"
          ]
        },
        {
          "index_key": 2,
          "schema_version": 0,
          "attributes": {
            "applied_dns_servers": [],
            "dns_servers": [],
            "enable_accelerated_networking": false,
            "enable_ip_forwarding": false,
            "id": "/subscriptions/927d0301-3031-467c-9b95-a3d0135304a7/resourceGroups/kubernetes_rg/providers/Microsoft.Network/networkInterfaces/vmnicnfsserver.azure",
            "internal_dns_name_label": "",
            "internal_domain_name_suffix": "r4hb5lbig1nezd5yg0t5ttrvve.ax.internal.cloudapp.net",
            "ip_configuration": [
              {
                "name": "myipconfigurationnfsserver.azure",
                "primary": true,
                "private_ip_address": "10.0.10.22",
                "private_ip_address_allocation": "Static",
                "private_ip_address_version": "IPv4",
                "public_ip_address_id": "/subscriptions/927d0301-3031-467c-9b95-a3d0135304a7/resourceGroups/kubernetes_rg/providers/Microsoft.Network/publicIPAddresses/PublicIPnfsserver.azure",
                "subnet_id": "/subscriptions/927d0301-3031-467c-9b95-a3d0135304a7/resourceGroups/kubernetes_rg/providers/Microsoft.Network/virtualNetworks/kubernetesnet/subnets/terraformsubnet"
              }
            ],
            "location": "westeurope",
            "mac_address": "",
            "name": "vmnicnfsserver.azure",
            "private_ip_address": "10.0.10.22",
            "private_ip_addresses": [
              "10.0.10.22"
            ],
            "resource_group_name": "kubernetes_rg",
            "tags": {
              "environment": "CP2"
            },
            "timeouts": null,
            "virtual_machine_id": ""
          },
          "sensitive_attributes": [],
          "private": "eyJlMmJmYjczMC1lY2FhLTExZTYtOGY4OC0zNDM2M2JjN2M0YzAiOnsiY3JlYXRlIjoxODAwMDAwMDAwMDAwLCJkZWxldGUiOjE4MDAwMDAwMDAwMDAsInJlYWQiOjMwMDAwMDAwMDAwMCwidXBkYXRlIjoxODAwMDAwMDAwMDAwfX0=",
          "dependencies": [
            "azurerm_public_ip.myPublicIp2",
            "azurerm_resource_group.rg",
            "azurerm_subnet.mySubnet",
            "azurerm_virtual_network.myNet"
          ]
        }
      ]
    },
    {
      "mode": "managed",
      "type": "azurerm_network_interface_security_group_association",
      "name": "mySecGroupAssociation1",
      "provider": "provider[\"registry.terraform.io/hashicorp/azurerm\"]",
      "instances": [
        {
          "index_key": 0,
          "schema_version": 0,
          "attributes": {
            "id": "/subscriptions/927d0301-3031-467c-9b95-a3d0135304a7/resourceGroups/kubernetes_rg/providers/Microsoft.Network/networkInterfaces/vmnicks8master.azure|/subscriptions/927d0301-3031-467c-9b95-a3d0135304a7/resourceGroups/kubernetes_rg/providers/Microsoft.Network/networkSecurityGroups/sshtraffic",
            "network_interface_id": "/subscriptions/927d0301-3031-467c-9b95-a3d0135304a7/resourceGroups/kubernetes_rg/providers/Microsoft.Network/networkInterfaces/vmnicks8master.azure",
            "network_security_group_id": "/subscriptions/927d0301-3031-467c-9b95-a3d0135304a7/resourceGroups/kubernetes_rg/providers/Microsoft.Network/networkSecurityGroups/sshtraffic",
            "timeouts": null
          },
          "sensitive_attributes": [],
          "private": "eyJlMmJmYjczMC1lY2FhLTExZTYtOGY4OC0zNDM2M2JjN2M0YzAiOnsiY3JlYXRlIjoxODAwMDAwMDAwMDAwLCJkZWxldGUiOjE4MDAwMDAwMDAwMDAsInJlYWQiOjMwMDAwMDAwMDAwMCwidXBkYXRlIjoxODAwMDAwMDAwMDAwfX0=",
          "dependencies": [
            "azurerm_network_interface.myNic1",
            "azurerm_network_security_group.mySecGroup",
            "azurerm_public_ip.myPublicIp1",
            "azurerm_resource_group.rg",
            "azurerm_subnet.mySubnet",
            "azurerm_virtual_network.myNet"
          ]
        }
      ]
    },
    {
      "mode": "managed",
      "type": "azurerm_network_interface_security_group_association",
      "name": "mySecGroupAssociation2",
      "provider": "provider[\"registry.terraform.io/hashicorp/azurerm\"]",
      "instances": [
        {
          "index_key": 0,
          "schema_version": 0,
          "attributes": {
            "id": "/subscriptions/927d0301-3031-467c-9b95-a3d0135304a7/resourceGroups/kubernetes_rg/providers/Microsoft.Network/networkInterfaces/vmnick8sworker01.azure|/subscriptions/927d0301-3031-467c-9b95-a3d0135304a7/resourceGroups/kubernetes_rg/providers/Microsoft.Network/networkSecurityGroups/sshtraffic",
            "network_interface_id": "/subscriptions/927d0301-3031-467c-9b95-a3d0135304a7/resourceGroups/kubernetes_rg/providers/Microsoft.Network/networkInterfaces/vmnick8sworker01.azure",
            "network_security_group_id": "/subscriptions/927d0301-3031-467c-9b95-a3d0135304a7/resourceGroups/kubernetes_rg/providers/Microsoft.Network/networkSecurityGroups/sshtraffic",
            "timeouts": null
          },
          "sensitive_attributes": [],
          "private": "eyJlMmJmYjczMC1lY2FhLTExZTYtOGY4OC0zNDM2M2JjN2M0YzAiOnsiY3JlYXRlIjoxODAwMDAwMDAwMDAwLCJkZWxldGUiOjE4MDAwMDAwMDAwMDAsInJlYWQiOjMwMDAwMDAwMDAwMCwidXBkYXRlIjoxODAwMDAwMDAwMDAwfX0=",
          "dependencies": [
            "azurerm_network_interface.myNic2",
            "azurerm_network_security_group.mySecGroup",
            "azurerm_public_ip.myPublicIp2",
            "azurerm_resource_group.rg",
            "azurerm_subnet.mySubnet",
            "azurerm_virtual_network.myNet"
          ]
        },
        {
          "index_key": 1,
          "schema_version": 0,
          "attributes": {
            "id": "/subscriptions/927d0301-3031-467c-9b95-a3d0135304a7/resourceGroups/kubernetes_rg/providers/Microsoft.Network/networkInterfaces/vmnick8sworker02.azure|/subscriptions/927d0301-3031-467c-9b95-a3d0135304a7/resourceGroups/kubernetes_rg/providers/Microsoft.Network/networkSecurityGroups/sshtraffic",
            "network_interface_id": "/subscriptions/927d0301-3031-467c-9b95-a3d0135304a7/resourceGroups/kubernetes_rg/providers/Microsoft.Network/networkInterfaces/vmnick8sworker02.azure",
            "network_security_group_id": "/subscriptions/927d0301-3031-467c-9b95-a3d0135304a7/resourceGroups/kubernetes_rg/providers/Microsoft.Network/networkSecurityGroups/sshtraffic",
            "timeouts": null
          },
          "sensitive_attributes": [],
          "private": "eyJlMmJmYjczMC1lY2FhLTExZTYtOGY4OC0zNDM2M2JjN2M0YzAiOnsiY3JlYXRlIjoxODAwMDAwMDAwMDAwLCJkZWxldGUiOjE4MDAwMDAwMDAwMDAsInJlYWQiOjMwMDAwMDAwMDAwMCwidXBkYXRlIjoxODAwMDAwMDAwMDAwfX0=",
          "dependencies": [
            "azurerm_network_interface.myNic2",
            "azurerm_network_security_group.mySecGroup",
            "azurerm_public_ip.myPublicIp2",
            "azurerm_resource_group.rg",
            "azurerm_subnet.mySubnet",
            "azurerm_virtual_network.myNet"
          ]
        },
        {
          "index_key": 2,
          "schema_version": 0,
          "attributes": {
            "id": "/subscriptions/927d0301-3031-467c-9b95-a3d0135304a7/resourceGroups/kubernetes_rg/providers/Microsoft.Network/networkInterfaces/vmnicnfsserver.azure|/subscriptions/927d0301-3031-467c-9b95-a3d0135304a7/resourceGroups/kubernetes_rg/providers/Microsoft.Network/networkSecurityGroups/sshtraffic",
            "network_interface_id": "/subscriptions/927d0301-3031-467c-9b95-a3d0135304a7/resourceGroups/kubernetes_rg/providers/Microsoft.Network/networkInterfaces/vmnicnfsserver.azure",
            "network_security_group_id": "/subscriptions/927d0301-3031-467c-9b95-a3d0135304a7/resourceGroups/kubernetes_rg/providers/Microsoft.Network/networkSecurityGroups/sshtraffic",
            "timeouts": null
          },
          "sensitive_attributes": [],
          "private": "eyJlMmJmYjczMC1lY2FhLTExZTYtOGY4OC0zNDM2M2JjN2M0YzAiOnsiY3JlYXRlIjoxODAwMDAwMDAwMDAwLCJkZWxldGUiOjE4MDAwMDAwMDAwMDAsInJlYWQiOjMwMDAwMDAwMDAwMCwidXBkYXRlIjoxODAwMDAwMDAwMDAwfX0=",
          "dependencies": [
            "azurerm_network_interface.myNic2",
            "azurerm_network_security_group.mySecGroup",
            "azurerm_public_ip.myPublicIp2",
            "azurerm_resource_group.rg",
            "azurerm_subnet.mySubnet",
            "azurerm_virtual_network.myNet"
          ]
        }
      ]
    },
    {
      "mode": "managed",
      "type": "azurerm_network_security_group",
      "name": "mySecGroup",
      "provider": "provider[\"registry.terraform.io/hashicorp/azurerm\"]",
      "instances": [
        {
          "schema_version": 0,
          "attributes": {
            "id": "/subscriptions/927d0301-3031-467c-9b95-a3d0135304a7/resourceGroups/kubernetes_rg/providers/Microsoft.Network/networkSecurityGroups/sshtraffic",
            "location": "westeurope",
            "name": "sshtraffic",
            "resource_group_name": "kubernetes_rg",
            "security_rule": [
              {
                "access": "Allow",
                "description": "",
                "destination_address_prefix": "*",
                "destination_address_prefixes": [],
                "destination_application_security_group_ids": [],
                "destination_port_range": "22",
                "destination_port_ranges": [],
                "direction": "Inbound",
                "name": "SSH",
                "priority": 1001,
                "protocol": "Tcp",
                "source_address_prefix": "*",
                "source_address_prefixes": [],
                "source_application_security_group_ids": [],
                "source_port_range": "*",
                "source_port_ranges": []
              }
            ],
            "tags": {
              "environment": "CP2"
            },
            "timeouts": null
          },
          "sensitive_attributes": [],
          "private": "eyJlMmJmYjczMC1lY2FhLTExZTYtOGY4OC0zNDM2M2JjN2M0YzAiOnsiY3JlYXRlIjoxODAwMDAwMDAwMDAwLCJkZWxldGUiOjE4MDAwMDAwMDAwMDAsInJlYWQiOjMwMDAwMDAwMDAwMCwidXBkYXRlIjoxODAwMDAwMDAwMDAwfX0=",
          "dependencies": [
            "azurerm_resource_group.rg"
          ]
        }
      ]
    },
    {
      "mode": "managed",
      "type": "azurerm_public_ip",
      "name": "myPublicIp1",
      "provider": "provider[\"registry.terraform.io/hashicorp/azurerm\"]",
      "instances": [
        {
          "index_key": 0,
          "schema_version": 0,
          "attributes": {
            "allocation_method": "Dynamic",
            "domain_name_label": null,
            "fqdn": null,
            "id": "/subscriptions/927d0301-3031-467c-9b95-a3d0135304a7/resourceGroups/kubernetes_rg/providers/Microsoft.Network/publicIPAddresses/PublicIPks8master.azure",
            "idle_timeout_in_minutes": 4,
            "ip_address": "",
            "ip_version": "IPv4",
            "location": "westeurope",
            "name": "PublicIPks8master.azure",
            "public_ip_prefix_id": null,
            "resource_group_name": "kubernetes_rg",
            "reverse_fqdn": null,
            "sku": "Basic",
            "tags": {
              "environment": "CP2"
            },
            "timeouts": null,
            "zones": null
          },
          "sensitive_attributes": [],
          "private": "eyJlMmJmYjczMC1lY2FhLTExZTYtOGY4OC0zNDM2M2JjN2M0YzAiOnsiY3JlYXRlIjoxODAwMDAwMDAwMDAwLCJkZWxldGUiOjE4MDAwMDAwMDAwMDAsInJlYWQiOjMwMDAwMDAwMDAwMCwidXBkYXRlIjoxODAwMDAwMDAwMDAwfX0=",
          "dependencies": [
            "azurerm_resource_group.rg"
          ]
        }
      ]
    },
    {
      "mode": "managed",
      "type": "azurerm_public_ip",
      "name": "myPublicIp2",
      "provider": "provider[\"registry.terraform.io/hashicorp/azurerm\"]",
      "instances": [
        {
          "index_key": 0,
          "schema_version": 0,
          "attributes": {
            "allocation_method": "Dynamic",
            "domain_name_label": null,
            "fqdn": null,
            "id": "/subscriptions/927d0301-3031-467c-9b95-a3d0135304a7/resourceGroups/kubernetes_rg/providers/Microsoft.Network/publicIPAddresses/PublicIPk8sworker01.azure",
            "idle_timeout_in_minutes": 4,
            "ip_address": "",
            "ip_version": "IPv4",
            "location": "westeurope",
            "name": "PublicIPk8sworker01.azure",
            "public_ip_prefix_id": null,
            "resource_group_name": "kubernetes_rg",
            "reverse_fqdn": null,
            "sku": "Basic",
            "tags": {
              "environment": "CP2"
            },
            "timeouts": null,
            "zones": null
          },
          "sensitive_attributes": [],
          "private": "eyJlMmJmYjczMC1lY2FhLTExZTYtOGY4OC0zNDM2M2JjN2M0YzAiOnsiY3JlYXRlIjoxODAwMDAwMDAwMDAwLCJkZWxldGUiOjE4MDAwMDAwMDAwMDAsInJlYWQiOjMwMDAwMDAwMDAwMCwidXBkYXRlIjoxODAwMDAwMDAwMDAwfX0=",
          "dependencies": [
            "azurerm_resource_group.rg"
          ]
        },
        {
          "index_key": 1,
          "schema_version": 0,
          "attributes": {
            "allocation_method": "Dynamic",
            "domain_name_label": null,
            "fqdn": null,
            "id": "/subscriptions/927d0301-3031-467c-9b95-a3d0135304a7/resourceGroups/kubernetes_rg/providers/Microsoft.Network/publicIPAddresses/PublicIPk8sworker02.azure",
            "idle_timeout_in_minutes": 4,
            "ip_address": "",
            "ip_version": "IPv4",
            "location": "westeurope",
            "name": "PublicIPk8sworker02.azure",
            "public_ip_prefix_id": null,
            "resource_group_name": "kubernetes_rg",
            "reverse_fqdn": null,
            "sku": "Basic",
            "tags": {
              "environment": "CP2"
            },
            "timeouts": null,
            "zones": null
          },
          "sensitive_attributes": [],
          "private": "eyJlMmJmYjczMC1lY2FhLTExZTYtOGY4OC0zNDM2M2JjN2M0YzAiOnsiY3JlYXRlIjoxODAwMDAwMDAwMDAwLCJkZWxldGUiOjE4MDAwMDAwMDAwMDAsInJlYWQiOjMwMDAwMDAwMDAwMCwidXBkYXRlIjoxODAwMDAwMDAwMDAwfX0=",
          "dependencies": [
            "azurerm_resource_group.rg"
          ]
        },
        {
          "index_key": 2,
          "schema_version": 0,
          "attributes": {
            "allocation_method": "Dynamic",
            "domain_name_label": null,
            "fqdn": null,
            "id": "/subscriptions/927d0301-3031-467c-9b95-a3d0135304a7/resourceGroups/kubernetes_rg/providers/Microsoft.Network/publicIPAddresses/PublicIPnfsserver.azure",
            "idle_timeout_in_minutes": 4,
            "ip_address": "",
            "ip_version": "IPv4",
            "location": "westeurope",
            "name": "PublicIPnfsserver.azure",
            "public_ip_prefix_id": null,
            "resource_group_name": "kubernetes_rg",
            "reverse_fqdn": null,
            "sku": "Basic",
            "tags": {
              "environment": "CP2"
            },
            "timeouts": null,
            "zones": null
          },
          "sensitive_attributes": [],
          "private": "eyJlMmJmYjczMC1lY2FhLTExZTYtOGY4OC0zNDM2M2JjN2M0YzAiOnsiY3JlYXRlIjoxODAwMDAwMDAwMDAwLCJkZWxldGUiOjE4MDAwMDAwMDAwMDAsInJlYWQiOjMwMDAwMDAwMDAwMCwidXBkYXRlIjoxODAwMDAwMDAwMDAwfX0=",
          "dependencies": [
            "azurerm_resource_group.rg"
          ]
        }
      ]
    },
    {
      "mode": "managed",
      "type": "azurerm_resource_group",
      "name": "rg",
      "provider": "provider[\"registry.terraform.io/hashicorp/azurerm\"]",
      "instances": [
        {
          "schema_version": 0,
          "attributes": {
            "id": "/subscriptions/927d0301-3031-467c-9b95-a3d0135304a7/resourceGroups/kubernetes_rg",
            "location": "westeurope",
            "name": "kubernetes_rg",
            "tags": {
              "environment": "CP2"
            },
            "timeouts": null
          },
          "sensitive_attributes": [],
          "private": "eyJlMmJmYjczMC1lY2FhLTExZTYtOGY4OC0zNDM2M2JjN2M0YzAiOnsiY3JlYXRlIjo1NDAwMDAwMDAwMDAwLCJkZWxldGUiOjU0MDAwMDAwMDAwMDAsInJlYWQiOjMwMDAwMDAwMDAwMCwidXBkYXRlIjo1NDAwMDAwMDAwMDAwfX0="
        }
      ]
    },
    {
      "mode": "managed",
      "type": "azurerm_storage_account",
      "name": "stAccount",
      "provider": "provider[\"registry.terraform.io/hashicorp/azurerm\"]",
      "instances": [
        {
          "schema_version": 2,
          "attributes": {
            "access_tier": "Hot",
            "account_kind": "StorageV2",
            "account_replication_type": "LRS",
            "account_tier": "Standard",
            "allow_blob_public_access": false,
            "blob_properties": [],
            "custom_domain": [],
            "enable_https_traffic_only": true,
            "id": "/subscriptions/927d0301-3031-467c-9b95-a3d0135304a7/resourceGroups/kubernetes_rg/providers/Microsoft.Storage/storageAccounts/storageaccoutaarias",
            "identity": [],
            "is_hns_enabled": false,
            "large_file_share_enabled": null,
            "location": "westeurope",
            "min_tls_version": "TLS1_0",
            "name": "storageaccoutaarias",
            "network_rules": [
              {
                "bypass": [
                  "AzureServices"
                ],
                "default_action": "Allow",
                "ip_rules": [],
                "virtual_network_subnet_ids": []
              }
            ],
            "primary_access_key": "hlmLCjH4vIQdo1aCGmQjZSk+QHse4k6Fgg5kxFhW71GszAF+AnoKQnHf/uyLWgjcRM3og/qteVG0s0P8ozGIRw==",
            "primary_blob_connection_string": "DefaultEndpointsProtocol=https;BlobEndpoint=https://storageaccoutaarias.blob.core.windows.net/;AccountName=storageaccoutaarias;AccountKey=hlmLCjH4vIQdo1aCGmQjZSk+QHse4k6Fgg5kxFhW71GszAF+AnoKQnHf/uyLWgjcRM3og/qteVG0s0P8ozGIRw==",
            "primary_blob_endpoint": "https://storageaccoutaarias.blob.core.windows.net/",
            "primary_blob_host": "storageaccoutaarias.blob.core.windows.net",
            "primary_connection_string": "DefaultEndpointsProtocol=https;AccountName=storageaccoutaarias;AccountKey=hlmLCjH4vIQdo1aCGmQjZSk+QHse4k6Fgg5kxFhW71GszAF+AnoKQnHf/uyLWgjcRM3og/qteVG0s0P8ozGIRw==;EndpointSuffix=core.windows.net",
            "primary_dfs_endpoint": "https://storageaccoutaarias.dfs.core.windows.net/",
            "primary_dfs_host": "storageaccoutaarias.dfs.core.windows.net",
            "primary_file_endpoint": "https://storageaccoutaarias.file.core.windows.net/",
            "primary_file_host": "storageaccoutaarias.file.core.windows.net",
            "primary_location": "westeurope",
            "primary_queue_endpoint": "https://storageaccoutaarias.queue.core.windows.net/",
            "primary_queue_host": "storageaccoutaarias.queue.core.windows.net",
            "primary_table_endpoint": "https://storageaccoutaarias.table.core.windows.net/",
            "primary_table_host": "storageaccoutaarias.table.core.windows.net",
            "primary_web_endpoint": "https://storageaccoutaarias.z6.web.core.windows.net/",
            "primary_web_host": "storageaccoutaarias.z6.web.core.windows.net",
            "queue_properties": [
              {
                "cors_rule": [],
                "hour_metrics": [
                  {
                    "enabled": true,
                    "include_apis": true,
                    "retention_policy_days": 7,
                    "version": "1.0"
                  }
                ],
                "logging": [
                  {
                    "delete": false,
                    "read": false,
                    "retention_policy_days": 0,
                    "version": "1.0",
                    "write": false
                  }
                ],
                "minute_metrics": [
                  {
                    "enabled": false,
                    "include_apis": false,
                    "retention_policy_days": 0,
                    "version": "1.0"
                  }
                ]
              }
            ],
            "resource_group_name": "kubernetes_rg",
            "secondary_access_key": "HB/jeyf/y0UbqR0s7Zm0dM9U3tQSNZUDSuR3Pv5/D1b97qBgh/HsIXiutLlMnaSJKsmAQKccVGxALsvCvwoKKg==",
            "secondary_blob_connection_string": "",
            "secondary_blob_endpoint": null,
            "secondary_blob_host": null,
            "secondary_connection_string": "DefaultEndpointsProtocol=https;AccountName=storageaccoutaarias;AccountKey=HB/jeyf/y0UbqR0s7Zm0dM9U3tQSNZUDSuR3Pv5/D1b97qBgh/HsIXiutLlMnaSJKsmAQKccVGxALsvCvwoKKg==;EndpointSuffix=core.windows.net",
            "secondary_dfs_endpoint": null,
            "secondary_dfs_host": null,
            "secondary_file_endpoint": null,
            "secondary_file_host": null,
            "secondary_location": "",
            "secondary_queue_endpoint": null,
            "secondary_queue_host": null,
            "secondary_table_endpoint": null,
            "secondary_table_host": null,
            "secondary_web_endpoint": null,
            "secondary_web_host": null,
            "static_website": [],
            "tags": {
              "environment": "CP2"
            },
            "timeouts": null
          },
          "sensitive_attributes": [],
          "private": "eyJlMmJmYjczMC1lY2FhLTExZTYtOGY4OC0zNDM2M2JjN2M0YzAiOnsiY3JlYXRlIjozNjAwMDAwMDAwMDAwLCJkZWxldGUiOjM2MDAwMDAwMDAwMDAsInJlYWQiOjMwMDAwMDAwMDAwMCwidXBkYXRlIjozNjAwMDAwMDAwMDAwfSwic2NoZW1hX3ZlcnNpb24iOiIyIn0=",
          "dependencies": [
            "azurerm_resource_group.rg"
          ]
        }
      ]
    },
    {
      "mode": "managed",
      "type": "azurerm_subnet",
      "name": "mySubnet",
      "provider": "provider[\"registry.terraform.io/hashicorp/azurerm\"]",
      "instances": [
        {
          "schema_version": 0,
          "attributes": {
            "address_prefix": "10.0.10.0/24",
            "address_prefixes": [
              "10.0.10.0/24"
            ],
            "delegation": [],
            "enforce_private_link_endpoint_network_policies": false,
            "enforce_private_link_service_network_policies": false,
            "id": "/subscriptions/927d0301-3031-467c-9b95-a3d0135304a7/resourceGroups/kubernetes_rg/providers/Microsoft.Network/virtualNetworks/kubernetesnet/subnets/terraformsubnet",
            "name": "terraformsubnet",
            "resource_group_name": "kubernetes_rg",
            "service_endpoint_policy_ids": null,
            "service_endpoints": null,
            "timeouts": null,
            "virtual_network_name": "kubernetesnet"
          },
          "sensitive_attributes": [],
          "private": "eyJlMmJmYjczMC1lY2FhLTExZTYtOGY4OC0zNDM2M2JjN2M0YzAiOnsiY3JlYXRlIjoxODAwMDAwMDAwMDAwLCJkZWxldGUiOjE4MDAwMDAwMDAwMDAsInJlYWQiOjMwMDAwMDAwMDAwMCwidXBkYXRlIjoxODAwMDAwMDAwMDAwfX0=",
          "dependencies": [
            "azurerm_resource_group.rg",
            "azurerm_virtual_network.myNet"
          ]
        }
      ]
    },
    {
      "mode": "managed",
      "type": "azurerm_virtual_network",
      "name": "myNet",
      "provider": "provider[\"registry.terraform.io/hashicorp/azurerm\"]",
      "instances": [
        {
          "schema_version": 0,
          "attributes": {
            "address_space": [
              "10.0.0.0/16"
            ],
            "bgp_community": "",
            "ddos_protection_plan": [],
            "dns_servers": null,
            "guid": "ac1f8e8f-3628-4cda-8ff8-36a7f9ce35ac",
            "id": "/subscriptions/927d0301-3031-467c-9b95-a3d0135304a7/resourceGroups/kubernetes_rg/providers/Microsoft.Network/virtualNetworks/kubernetesnet",
            "location": "westeurope",
            "name": "kubernetesnet",
            "resource_group_name": "kubernetes_rg",
            "subnet": [],
            "tags": {
              "environment": "CP2"
            },
            "timeouts": null,
            "vm_protection_enabled": false
          },
          "sensitive_attributes": [],
          "private": "eyJlMmJmYjczMC1lY2FhLTExZTYtOGY4OC0zNDM2M2JjN2M0YzAiOnsiY3JlYXRlIjoxODAwMDAwMDAwMDAwLCJkZWxldGUiOjE4MDAwMDAwMDAwMDAsInJlYWQiOjMwMDAwMDAwMDAwMCwidXBkYXRlIjoxODAwMDAwMDAwMDAwfX0=",
          "dependencies": [
            "azurerm_resource_group.rg"
          ]
        }
      ]
    }
  ]
}
